github.com/eidolon/wordwrap v0.0.0-20161011182207-e0f54129b8bb h1:ioQwBmKdOCpMVS/bDaESqNWXIE/aw4+gsVtysCGMWZ4=
github.com/eidolon/wordwrap v0.0.0-20161011182207-e0f54129b8bb/go.mod h1:ZAPs+OyRzeVJFGvXVDVffgCzQfjg3qU9Ig8G/MU3zZ4=
moul.io/asciimoul v1.1.0 h1:eYfYiXljSe8Z6VO84N7x8rtZE1kTLK/HmU5q9eC+T+w=
moul.io/asciimoul v1.1.0/go.mod h1:uyy5fnzliF2LQ+z7+tHZTnWzaajv8g6ZyLbBoNdDiko=
